
Microsoft Visual Studio Solution File, Format Version 12.00
# Visual Studio Version 16
VisualStudioVersion = 16.0.31911.196
MinimumVisualStudioVersion = 10.0.40219.1
Project("{FAE04EC0-301F-11D3-BF4B-00C04F79EFBC}") = "TCHomepage", "TCHomepage\TCHomepage.csproj", "{3C6B175C-314A-48F2-A491-A8A40B5501B1}"
EndProject
Global
	GlobalSection(SolutionConfigurationPlatforms) = preSolution
		Debug|Any CPU = Debug|Any CPU
		Release|Any CPU = Release|Any CPU
	EndGlobalSection
	GlobalSection(ProjectConfigurationPlatforms) = postSolution
		{3C6B175C-314A-48F2-A491-A8A40B5501B1}.Debug|Any CPU.ActiveCfg = Debug|Any CPU
		{3C6B175C-314A-48F2-A491-A8A40B5501B1}.Debug|Any CPU.Build.0 = Debug|Any CPU
		{3C6B175C-314A-48F2-A491-A8A40B5501B1}.Release|Any CPU.ActiveCfg = Release|Any CPU
		{3C6B175C-314A-48F2-A491-A8A40B5501B1}.Release|Any CPU.Build.0 = Release|Any CPU
	EndGlobalSection
	GlobalSection(SolutionProperties) = preSolution
		HideSolutionNode = FALSE
	EndGlobalSection
	GlobalSection(ExtensibilityGlobals) = postSolution
		SolutionGuid = {A4F92354-503D-43D5-A091-579183332268}
	EndGlobalSection
EndGlobal
